{
  "name": "npm-winccoa-register",
  "version": "0.1.0",
  "lockfileVersion": 3,
  "requires": true,
  "packages": {
    "": {
      "name": "npm-winccoa-register",
      "version": "0.1.0",
      "license": "MIT",
      "dependencies": {
        "@winccoa-tools-pack/npm-winccoa-core": "latest"
      },
      "bin": {
        "winccoa-register": "index.js"
      },
      "engines": {
        "node": ">=14"
      }
    },
    "node_modules/@winccoa-tools-pack/npm-winccoa-core": {
      "version": "2.0.8",
      "resolved": "https://registry.npmjs.org/@winccoa-tools-pack/npm-winccoa-core/-/npm-winccoa-core-2.0.8.tgz",
      "integrity": "sha512-6m/y4hdm714graMWZ3OH5Oi9y6NmVrzSQre5KM9UGD0FB3JwVhvJe1OkrTFNw+U/0An4rXJk13JvGeDuJ5agbA==",
      "license": "MIT",
      "engines": {
        "node": ">=20"
      }
    }
  }
}
